// !$*UTF8*$!
{
	archiveVersion = 1;
	classes = {
	};
	objectVersion = 56;
	objects = {

/* Begin PBXBuildFile section */
		4D110A4B2BA7242F00B054F6 /* SessionView.swift in Sources */ = {isa = PBXBuildFile; fileRef = 4D110A4A2BA7242F00B054F6 /* SessionView.swift */; };
		4D110A4D2BA7254E00B054F6 /* FirstAppApp.swift in Sources */ = {isa = PBXBuildFile; fileRef = 4D110A4C2BA7254E00B054F6 /* FirstAppApp.swift */; };
		4D110A4F2BA725D600B054F6 /* WorkoutsView.swift in Sources */ = {isa = PBXBuildFile; fileRef = 4D110A4E2BA725D600B054F6 /* WorkoutsView.swift */; };
		4D110A522BA72E1800B054F6 /* WorkoutItemView.swift in Sources */ = {isa = PBXBuildFile; fileRef = 4D110A512BA72E1800B054F6 /* WorkoutItemView.swift */; };
		4D31ADAA2BA5E5D200EF944E /* ContentView.swift in Sources */ = {isa = PBXBuildFile; fileRef = 4D31ADA92BA5E5D200EF944E /* ContentView.swift */; };
		4D31ADAC2BA5E5D400EF944E /* Assets.xcassets in Resources */ = {isa = PBXBuildFile; fileRef = 4D31ADAB2BA5E5D400EF944E /* Assets.xcassets */; };
		4D31ADAF2BA5E5D500EF944E /* Preview Assets.xcassets in Resources */ = {isa = PBXBuildFile; fileRef = 4D31ADAE2BA5E5D500EF944E /* Preview Assets.xcassets */; };
		4DB6A2762BA9E998009B770A /* TabBarButton.swift in Sources */ = {isa = PBXBuildFile; fileRef = 4DB6A2752BA9E997009B770A /* TabBarButton.swift */; };
		4DB6A2782BA9E9A2009B770A /* TabBarView.swift in Sources */ = {isa = PBXBuildFile; fileRef = 4DB6A2772BA9E9A1009B770A /* TabBarView.swift */; };
/* End PBXBuildFile section */

/* Begin PBXFileReference section */
		4D110A4A2BA7242F00B054F6 /* SessionView.swift */ = {isa = PBXFileReference; lastKnownFileType = sourcecode.swift; path = SessionView.swift; sourceTree = "<group>"; };
		4D110A4C2BA7254E00B054F6 /* FirstAppApp.swift */ = {isa = PBXFileReference; lastKnownFileType = sourcecode.swift; path = FirstAppApp.swift; sourceTree = "<group>"; };
		4D110A4E2BA725D600B054F6 /* WorkoutsView.swift */ = {isa = PBXFileReference; lastKnownFileType = sourcecode.swift; path = WorkoutsView.swift; sourceTree = "<group>"; };
		4D110A512BA72E1800B054F6 /* WorkoutItemView.swift */ = {isa = PBXFileReference; lastKnownFileType = sourcecode.swift; path = WorkoutItemView.swift; sourceTree = "<group>"; };
		4D31ADA42BA5E5D200EF944E /* FirstApp.app */ = {isa = PBXFileReference; explicitFileType = wrapper.application; includeInIndex = 0; path = FirstApp.app; sourceTree = BUILT_PRODUCTS_DIR; };
		4D31ADA92BA5E5D200EF944E /* ContentView.swift */ = {isa = PBXFileReference; lastKnownFileType = sourcecode.swift; path = ContentView.swift; sourceTree = "<group>"; };
		4D31ADAB2BA5E5D400EF944E /* Assets.xcassets */ = {isa = PBXFileReference; lastKnownFileType = folder.assetcatalog; path = Assets.xcassets; sourceTree = "<group>"; };
		4D31ADAE2BA5E5D500EF944E /* Preview Assets.xcassets */ = {isa = PBXFileReference; lastKnownFileType = folder.assetcatalog; path = "Preview Assets.xcassets"; sourceTree = "<group>"; };
		4DB6A2752BA9E997009B770A /* TabBarButton.swift */ = {isa = PBXFileReference; lastKnownFileType = sourcecode.swift; path = TabBarButton.swift; sourceTree = "<group>"; };
		4DB6A2772BA9E9A1009B770A /* TabBarView.swift */ = {isa = PBXFileReference; lastKnownFileType = sourcecode.swift; path = TabBarView.swift; sourceTree = "<group>"; };
/* End PBXFileReference section */

/* Begin PBXFrameworksBuildPhase section */
		4D31ADA12BA5E5D200EF944E /* Frameworks */ = {
			isa = PBXFrameworksBuildPhase;
			buildActionMask = 2147483647;
			files = (
			);
			runOnlyForDeploymentPostprocessing = 0;
		};
/* End PBXFrameworksBuildPhase section */

/* Begin PBXGroup section */
		4D110A492BA7239F00B054F6 /* Session */ = {
			isa = PBXGroup;
			children = (
				4D110A4A2BA7242F00B054F6 /* SessionView.swift */,
			);
			path = Session;
			sourceTree = "<group>";
		};
		4D110A502BA72D5800B054F6 /* YourWorkouts */ = {
			isa = PBXGroup;
			children = (
				4D110A4E2BA725D600B054F6 /* WorkoutsView.swift */,
				4D110A512BA72E1800B054F6 /* WorkoutItemView.swift */,
			);
			path = YourWorkouts;
			sourceTree = "<group>";
		};
		4D31AD9B2BA5E5D200EF944E = {
			isa = PBXGroup;
			children = (
				4D31ADA62BA5E5D200EF944E /* FirstApp */,
				4D31ADA52BA5E5D200EF944E /* Products */,
			);
			sourceTree = "<group>";
		};
		4D31ADA52BA5E5D200EF944E /* Products */ = {
			isa = PBXGroup;
			children = (
				4D31ADA42BA5E5D200EF944E /* FirstApp.app */,
			);
			name = Products;
			sourceTree = "<group>";
		};
		4D31ADA62BA5E5D200EF944E /* FirstApp */ = {
			isa = PBXGroup;
			children = (
				4D31ADB62BA6FFCC00EF944E /* App */,
				4D31ADB72BA6FFD300EF944E /* Core */,
				4D31ADB82BA6FFDD00EF944E /* Extensions */,
				4D31ADB92BA6FFE200EF944E /* Models */,
				4D31ADBA2BA6FFED00EF944E /* Utils */,
				4D31ADA92BA5E5D200EF944E /* ContentView.swift */,
				4DB6A2742BA9E973009B770A /* TabBar */,
				4D31ADAB2BA5E5D400EF944E /* Assets.xcassets */,
				4D31ADAD2BA5E5D500EF944E /* Preview Content */,
			);
			path = FirstApp;
			sourceTree = "<group>";
		};
		4D31ADAD2BA5E5D500EF944E /* Preview Content */ = {
			isa = PBXGroup;
			children = (
				4D31ADAE2BA5E5D500EF944E /* Preview Assets.xcassets */,
			);
			path = "Preview Content";
			sourceTree = "<group>";
		};
		4D31ADB62BA6FFCC00EF944E /* App */ = {
			isa = PBXGroup;
			children = (
				4D110A4C2BA7254E00B054F6 /* FirstAppApp.swift */,
			);
			path = App;
			sourceTree = "<group>";
		};
		4D31ADB72BA6FFD300EF944E /* Core */ = {
			isa = PBXGroup;
			children = (
				4D110A502BA72D5800B054F6 /* YourWorkouts */,
				4D110A492BA7239F00B054F6 /* Session */,
			);
			path = Core;
			sourceTree = "<group>";
		};
		4D31ADB82BA6FFDD00EF944E /* Extensions */ = {
			isa = PBXGroup;
			children = (
			);
			path = Extensions;
			sourceTree = "<group>";
		};
		4D31ADB92BA6FFE200EF944E /* Models */ = {
			isa = PBXGroup;
			children = (
			);
			path = Models;
			sourceTree = "<group>";
		};
		4D31ADBA2BA6FFED00EF944E /* Utils */ = {
			isa = PBXGroup;
			children = (
			);
			path = Utils;
			sourceTree = "<group>";
		};
		4DB6A2742BA9E973009B770A /* TabBar */ = {
			isa = PBXGroup;
			children = (
				4DB6A2752BA9E997009B770A /* TabBarButton.swift */,
				4DB6A2772BA9E9A1009B770A /* TabBarView.swift */,
			);
			path = TabBar;
			sourceTree = "<group>";
		};
/* End PBXGroup section */

/* Begin PBXNativeTarget section */
		4D31ADA32BA5E5D200EF944E /* FirstApp */ = {
			isa = PBXNativeTarget;
			buildConfigurationList = 4D31ADB22BA5E5D500EF944E /* Build configuration list for PBXNativeTarget "FirstApp" */;
			buildPhases = (
				4D31ADA02BA5E5D200EF944E /* Sources */,
				4D31ADA12BA5E5D200EF944E /* Frameworks */,
				4D31ADA22BA5E5D200EF944E /* Resources */,
			);
			buildRules = (
			);
			dependencies = (
			);
			name = FirstApp;
			productName = FirstApp;
			productReference = 4D31ADA42BA5E5D200EF944E /* FirstApp.app */;
			productType = "com.apple.product-type.application";
		};
/* End PBXNativeTarget section */

/* Begin PBXProject section */
		4D31AD9C2BA5E5D200EF944E /* Project object */ = {
			isa = PBXProject;
			attributes = {
				BuildIndependentTargetsInParallel = 1;
				LastSwiftUpdateCheck = 1530;
				LastUpgradeCheck = 1530;
				TargetAttributes = {
					4D31ADA32BA5E5D200EF944E = {
						CreatedOnToolsVersion = 15.3;
					};
				};
			};
			buildConfigurationList = 4D31AD9F2BA5E5D200EF944E /* Build configuration list for PBXProject "FirstApp" */;
			compatibilityVersion = "Xcode 14.0";
			developmentRegion = en;
			hasScannedForEncodings = 0;
			knownRegions = (
				en,
				Base,
			);
			mainGroup = 4D31AD9B2BA5E5D200EF944E;
			productRefGroup = 4D31ADA52BA5E5D200EF944E /* Products */;
			projectDirPath = "";
			projectRoot = "";
			targets = (
				4D31ADA32BA5E5D200EF944E /* FirstApp */,
			);
		};
/* End PBXProject section */

/* Begin PBXResourcesBuildPhase section */
		4D31ADA22BA5E5D200EF944E /* Resources */ = {
			isa = PBXResourcesBuildPhase;
			buildActionMask = 2147483647;
			files = (
				4D31ADAF2BA5E5D500EF944E /* Preview Assets.xcassets in Resources */,
				4D31ADAC2BA5E5D400EF944E /* Assets.xcassets in Resources */,
			);
			runOnlyForDeploymentPostprocessing = 0;
		};
/* End PBXResourcesBuildPhase section */

/* Begin PBXSourcesBuildPhase section */
		4D31ADA02BA5E5D200EF944E /* Sources */ = {
			isa = PBXSourcesBuildPhase;
			buildActionMask = 2147483647;
			files = (
				4D31ADAA2BA5E5D200EF944E /* ContentView.swift in Sources */,
				4D110A4B2BA7242F00B054F6 /* SessionView.swift in Sources */,
				4DB6A2782BA9E9A2009B770A /* TabBarView.swift in Sources */,
				4D110A4F2BA725D600B054F6 /* WorkoutsView.swift in Sources */,
				4D110A522BA72E1800B054F6 /* WorkoutItemView.swift in Sources */,
				4D110A4D2BA7254E00B054F6 /* FirstAppApp.swift in Sources */,
				4DB6A2762BA9E998009B770A /* TabBarButton.swift in Sources */,
			);
			runOnlyForDeploymentPostprocessing = 0;
		};
/* End PBXSourcesBuildPhase section */

/* Begin XCBuildConfiguration section */
		4D31ADB02BA5E5D500EF944E /* Debug */ = {
			isa = XCBuildConfiguration;
			buildSettings = {
				ALWAYS_SEARCH_USER_PATHS = NO;
				ASSETCATALOG_COMPILER_GENERATE_SWIFT_ASSET_SYMBOL_EXTENSIONS = YES;
				CLANG_ANALYZER_NONNULL = YES;
				CLANG_ANALYZER_NUMBER_OBJECT_CONVERSION = YES_AGGRESSIVE;
				CLANG_CXX_LANGUAGE_STANDARD = "gnu++20";
				CLANG_ENABLE_MODULES = YES;
				CLANG_ENABLE_OBJC_ARC = YES;
				CLANG_ENABLE_OBJC_WEAK = YES;
				CLANG_WARN_BLOCK_CAPTURE_AUTORELEASING = YES;
				CLANG_WARN_BOOL_CONVERSION = YES;
				CLANG_WARN_COMMA = YES;
				CLANG_WARN_CONSTANT_CONVERSION = YES;
				CLANG_WARN_DEPRECATED_OBJC_IMPLEMENTATIONS = YES;
				CLANG_WARN_DIRECT_OBJC_ISA_USAGE = YES_ERROR;
				CLANG_WARN_DOCUMENTATION_COMMENTS = YES;
				CLANG_WARN_EMPTY_BODY = YES;
				CLANG_WARN_ENUM_CONVERSION = YES;
				CLANG_WARN_INFINITE_RECURSION = YES;
				CLANG_WARN_INT_CONVERSION = YES;
				CLANG_WARN_NON_LITERAL_NULL_CONVERSION = YES;
				CLANG_WARN_OBJC_IMPLICIT_RETAIN_SELF = YES;
				CLANG_WARN_OBJC_LITERAL_CONVERSION = YES;
				CLANG_WARN_OBJC_ROOT_CLASS = YES_ERROR;
				CLANG_WARN_QUOTED_INCLUDE_IN_FRAMEWORK_HEADER = YES;
				CLANG_WARN_RANGE_LOOP_ANALYSIS = YES;
				CLANG_WARN_STRICT_PROTOTYPES = YES;
				CLANG_WARN_SUSPICIOUS_MOVE = YES;
				CLANG_WARN_UNGUARDED_AVAILABILITY = YES_AGGRESSIVE;
				CLANG_WARN_UNREACHABLE_CODE = YES;
				CLANG_WARN__DUPLICATE_METHOD_MATCH = YES;
				COPY_PHASE_STRIP = NO;
				DEBUG_INFORMATION_FORMAT = dwarf;
				ENABLE_STRICT_OBJC_MSGSEND = YES;
				ENABLE_TESTABILITY = YES;
				ENABLE_USER_SCRIPT_SANDBOXING = YES;
				GCC_C_LANGUAGE_STANDARD = gnu17;
				GCC_DYNAMIC_NO_PIC = NO;
				GCC_NO_COMMON_BLOCKS = YES;
				GCC_OPTIMIZATION_LEVEL = 0;
				GCC_PREPROCESSOR_DEFINITIONS = (
					"DEBUG=1",
					"$(inherited)",
				);
				GCC_WARN_64_TO_32_BIT_CONVERSION = YES;
				GCC_WARN_ABOUT_RETURN_TYPE = YES_ERROR;
				GCC_WARN_UNDECLARED_SELECTOR = YES;
				GCC_WARN_UNINITIALIZED_AUTOS = YES_AGGRESSIVE;
				GCC_WARN_UNUSED_FUNCTION = YES;
				GCC_WARN_UNUSED_VARIABLE = YES;
				IPHONEOS_DEPLOYMENT_TARGET = 17.4;
				LOCALIZATION_PREFERS_STRING_CATALOGS = YES;
				MTL_ENABLE_DEBUG_INFO = INCLUDE_SOURCE;
				MTL_FAST_MATH = YES;
				ONLY_ACTIVE_ARCH = YES;
				SDKROOT = iphoneos;
				SWIFT_ACTIVE_COMPILATION_CONDITIONS = "DEBUG $(inherited)";
				SWIFT_OPTIMIZATION_LEVEL = "-Onone";
			};
			name = Debug;
		};
		4D31ADB12BA5E5D500EF944E /* Release */ = {
			isa = XCBuildConfiguration;
			buildSettings = {
				ALWAYS_SEARCH_USER_PATHS = NO;
				ASSETCATALOG_COMPILER_GENERATE_SWIFT_ASSET_SYMBOL_EXTENSIONS = YES;
				CLANG_ANALYZER_NONNULL = YES;
				CLANG_ANALYZER_NUMBER_OBJECT_CONVERSION = YES_AGGRESSIVE;
				CLANG_CXX_LANGUAGE_STANDARD = "gnu++20";
				CLANG_ENABLE_MODULES = YES;
				CLANG_ENABLE_OBJC_ARC = YES;
				CLANG_ENABLE_OBJC_WEAK = YES;
				CLANG_WARN_BLOCK_CAPTURE_AUTORELEASING = YES;
				CLANG_WARN_BOOL_CONVERSION = YES;
				CLANG_WARN_COMMA = YES;
				CLANG_WARN_CONSTANT_CONVERSION = YES;
				CLANG_WARN_DEPRECATED_OBJC_IMPLEMENTATIONS = YES;
				CLANG_WARN_DIRECT_OBJC_ISA_USAGE = YES_ERROR;
				CLANG_WARN_DOCUMENTATION_COMMENTS = YES;
				CLANG_WARN_EMPTY_BODY = YES;
				CLANG_WARN_ENUM_CONVERSION = YES;
				CLANG_WARN_INFINITE_RECURSION = YES;
				CLANG_WARN_INT_CONVERSION = YES;
				CLANG_WARN_NON_LITERAL_NULL_CONVERSION = YES;
				CLANG_WARN_OBJC_IMPLICIT_RETAIN_SELF = YES;
				CLANG_WARN_OBJC_LITERAL_CONVERSION = YES;
				CLANG_WARN_OBJC_ROOT_CLASS = YES_ERROR;
				CLANG_WARN_QUOTED_INCLUDE_IN_FRAMEWORK_HEADER = YES;
				CLANG_WARN_RANGE_LOOP_ANALYSIS = YES;
				CLANG_WARN_STRICT_PROTOTYPES = YES;
				CLANG_WARN_SUSPICIOUS_MOVE = YES;
				CLANG_WARN_UNGUARDED_AVAILABILITY = YES_AGGRESSIVE;
				CLANG_WARN_UNREACHABLE_CODE = YES;
				CLANG_WARN__DUPLICATE_METHOD_MATCH = YES;
				COPY_PHASE_STRIP = NO;
				DEBUG_INFORMATION_FORMAT = "dwarf-with-dsym";
				ENABLE_NS_ASSERTIONS = NO;
				ENABLE_STRICT_OBJC_MSGSEND = YES;
				ENABLE_USER_SCRIPT_SANDBOXING = YES;
				GCC_C_LANGUAGE_STANDARD = gnu17;
				GCC_NO_COMMON_BLOCKS = YES;
				GCC_WARN_64_TO_32_BIT_CONVERSION = YES;
				GCC_WARN_ABOUT_RETURN_TYPE = YES_ERROR;
				GCC_WARN_UNDECLARED_SELECTOR = YES;
				GCC_WARN_UNINITIALIZED_AUTOS = YES_AGGRESSIVE;
				GCC_WARN_UNUSED_FUNCTION = YES;
				GCC_WARN_UNUSED_VARIABLE = YES;
				IPHONEOS_DEPLOYMENT_TARGET = 17.4;
				LOCALIZATION_PREFERS_STRING_CATALOGS = YES;
				MTL_ENABLE_DEBUG_INFO = NO;
				MTL_FAST_MATH = YES;
				SDKROOT = iphoneos;
				SWIFT_COMPILATION_MODE = wholemodule;
				VALIDATE_PRODUCT = YES;
			};
			name = Release;
		};
		4D31ADB32BA5E5D500EF944E /* Debug */ = {
			isa = XCBuildConfiguration;
			buildSettings = {
				ASSETCATALOG_COMPILER_APPICON_NAME = AppIcon;
				ASSETCATALOG_COMPILER_GLOBAL_ACCENT_COLOR_NAME = AccentColor;
				CODE_SIGN_STYLE = Automatic;
				CURRENT_PROJECT_VERSION = 1;
				DEVELOPMENT_ASSET_PATHS = "\"FirstApp/Preview Content\"";
				DEVELOPMENT_TEAM = AVRMPTG8S5;
				ENABLE_PREVIEWS = YES;
				GENERATE_INFOPLIST_FILE = YES;
				INFOPLIST_KEY_UIApplicationSceneManifest_Generation = YES;
				INFOPLIST_KEY_UIApplicationSupportsIndirectInputEvents = YES;
				INFOPLIST_KEY_UILaunchScreen_Generation = YES;
				INFOPLIST_KEY_UISupportedInterfaceOrientations_iPad = "UIInterfaceOrientationPortrait UIInterfaceOrientationPortraitUpsideDown UIInterfaceOrientationLandscapeLeft UIInterfaceOrientationLandscapeRight";
				INFOPLIST_KEY_UISupportedInterfaceOrientations_iPhone = "UIInterfaceOrientationPortrait UIInterfaceOrientationLandscapeLeft UIInterfaceOrientationLandscapeRight";
				LD_RUNPATH_SEARCH_PATHS = (
					"$(inherited)",
					"@executable_path/Frameworks",
				);
				MARKETING_VERSION = 1.0;
				PRODUCT_BUNDLE_IDENTIFIER = com.dvck.FirstApp;
				PRODUCT_NAME = "$(TARGET_NAME)";
				SWIFT_EMIT_LOC_STRINGS = YES;
				SWIFT_VERSION = 5.0;
				TARGETED_DEVICE_FAMILY = "1,2";
			};
			name = Debug;
		};
		4D31ADB42BA5E5D500EF944E /* Release */ = {
			isa = XCBuildConfiguration;
			buildSettings = {
				ASSETCATALOG_COMPILER_APPICON_NAME = AppIcon;
				ASSETCATALOG_COMPILER_GLOBAL_ACCENT_COLOR_NAME = AccentColor;
				CODE_SIGN_STYLE = Automatic;
				CURRENT_PROJECT_VERSION = 1;
				DEVELOPMENT_ASSET_PATHS = "\"FirstApp/Preview Content\"";
				DEVELOPMENT_TEAM = AVRMPTG8S5;
				ENABLE_PREVIEWS = YES;
				GENERATE_INFOPLIST_FILE = YES;
				INFOPLIST_KEY_UIApplicationSceneManifest_Generation = YES;
				INFOPLIST_KEY_UIApplicationSupportsIndirectInputEvents = YES;
				INFOPLIST_KEY_UILaunchScreen_Generation = YES;
				INFOPLIST_KEY_UISupportedInterfaceOrientations_iPad = "UIInterfaceOrientationPortrait UIInterfaceOrientationPortraitUpsideDown UIInterfaceOrientationLandscapeLeft UIInterfaceOrientationLandscapeRight";
				INFOPLIST_KEY_UISupportedInterfaceOrientations_iPhone = "UIInterfaceOrientationPortrait UIInterfaceOrientationLandscapeLeft UIInterfaceOrientationLandscapeRight";
				LD_RUNPATH_SEARCH_PATHS = (
					"$(inherited)",
					"@executable_path/Frameworks",
				);
				MARKETING_VERSION = 1.0;
				PRODUCT_BUNDLE_IDENTIFIER = com.dvck.FirstApp;
				PRODUCT_NAME = "$(TARGET_NAME)";
				SWIFT_EMIT_LOC_STRINGS = YES;
				SWIFT_VERSION = 5.0;
				TARGETED_DEVICE_FAMILY = "1,2";
			};
			name = Release;
		};
/* End XCBuildConfiguration section */

/* Begin XCConfigurationList section */
		4D31AD9F2BA5E5D200EF944E /* Build configuration list for PBXProject "FirstApp" */ = {
			isa = XCConfigurationList;
			buildConfigurations = (
				4D31ADB02BA5E5D500EF944E /* Debug */,
				4D31ADB12BA5E5D500EF944E /* Release */,
			);
			defaultConfigurationIsVisible = 0;
			defaultConfigurationName = Release;
		};
		4D31ADB22BA5E5D500EF944E /* Build configuration list for PBXNativeTarget "FirstApp" */ = {
			isa = XCConfigurationList;
			buildConfigurations = (
				4D31ADB32BA5E5D500EF944E /* Debug */,
				4D31ADB42BA5E5D500EF944E /* Release */,
			);
			defaultConfigurationIsVisible = 0;
			defaultConfigurationName = Release;
		};
/* End XCConfigurationList section */
	};
	rootObject = 4D31AD9C2BA5E5D200EF944E /* Project object */;
}
